
Microsoft Visual Studio Solution File, Format Version 12.00
# Visual Studio Version 17
VisualStudioVersion = 17.3.32929.385
MinimumVisualStudioVersion = 10.0.40219.1
Project("{9A19103F-16F7-4668-BE54-9A1E7A4F7556}") = "01_ClassLibraryImplementing_A_Method_M", "..\01_ClassLibraryImplementing_Interface_A\01_ClassLibraryImplementing_A_Method_M.csproj", "{E0CB8AD3-06EB-4D58-B9DD-0CF936166E28}"
EndProject
Project("{9A19103F-16F7-4668-BE54-9A1E7A4F7556}") = "02_ObjectProductorLibrary", "..\02_ObjectProductorLibrary\02_ObjectProductorLibrary.csproj", "{2011B60F-9547-4B48-9112-98D35AB5E835}"
EndProject
Project("{9A19103F-16F7-4668-BE54-9A1E7A4F7556}") = "03_ConsumerWithCasting", "..\03_ConsumerProgram\03_ConsumerWithCasting.csproj", "{252C4D50-6708-45FF-8EF0-83469C8DA48C}"
EndProject
Project("{FAE04EC0-301F-11D3-BF4B-00C04F79EFBC}") = "04_ConsumerWithDynamic", "..\04_ConsumerWithDynamic\04_ConsumerWithDynamic.csproj", "{84ECA6B8-553B-45A0-B7BD-4D993B87106E}"
EndProject
Project("{FAE04EC0-301F-11D3-BF4B-00C04F79EFBC}") = "05_DefinningDynamicType", "..\05_DefinningDynamicType\05_DefinningDynamicType.csproj", "{0862880E-03C5-42CC-98BA-539D3CAE4350}"
EndProject
Global
	GlobalSection(SolutionConfigurationPlatforms) = preSolution
		Debug|Any CPU = Debug|Any CPU
		Release|Any CPU = Release|Any CPU
	EndGlobalSection
	GlobalSection(ProjectConfigurationPlatforms) = postSolution
		{E0CB8AD3-06EB-4D58-B9DD-0CF936166E28}.Debug|Any CPU.ActiveCfg = Debug|Any CPU
		{E0CB8AD3-06EB-4D58-B9DD-0CF936166E28}.Debug|Any CPU.Build.0 = Debug|Any CPU
		{E0CB8AD3-06EB-4D58-B9DD-0CF936166E28}.Release|Any CPU.ActiveCfg = Release|Any CPU
		{E0CB8AD3-06EB-4D58-B9DD-0CF936166E28}.Release|Any CPU.Build.0 = Release|Any CPU
		{2011B60F-9547-4B48-9112-98D35AB5E835}.Debug|Any CPU.ActiveCfg = Debug|Any CPU
		{2011B60F-9547-4B48-9112-98D35AB5E835}.Debug|Any CPU.Build.0 = Debug|Any CPU
		{2011B60F-9547-4B48-9112-98D35AB5E835}.Release|Any CPU.ActiveCfg = Release|Any CPU
		{2011B60F-9547-4B48-9112-98D35AB5E835}.Release|Any CPU.Build.0 = Release|Any CPU
		{252C4D50-6708-45FF-8EF0-83469C8DA48C}.Debug|Any CPU.ActiveCfg = Debug|Any CPU
		{252C4D50-6708-45FF-8EF0-83469C8DA48C}.Debug|Any CPU.Build.0 = Debug|Any CPU
		{252C4D50-6708-45FF-8EF0-83469C8DA48C}.Release|Any CPU.ActiveCfg = Release|Any CPU
		{252C4D50-6708-45FF-8EF0-83469C8DA48C}.Release|Any CPU.Build.0 = Release|Any CPU
		{84ECA6B8-553B-45A0-B7BD-4D993B87106E}.Debug|Any CPU.ActiveCfg = Debug|Any CPU
		{84ECA6B8-553B-45A0-B7BD-4D993B87106E}.Debug|Any CPU.Build.0 = Debug|Any CPU
		{84ECA6B8-553B-45A0-B7BD-4D993B87106E}.Release|Any CPU.ActiveCfg = Release|Any CPU
		{84ECA6B8-553B-45A0-B7BD-4D993B87106E}.Release|Any CPU.Build.0 = Release|Any CPU
		{0862880E-03C5-42CC-98BA-539D3CAE4350}.Debug|Any CPU.ActiveCfg = Debug|Any CPU
		{0862880E-03C5-42CC-98BA-539D3CAE4350}.Debug|Any CPU.Build.0 = Debug|Any CPU
		{0862880E-03C5-42CC-98BA-539D3CAE4350}.Release|Any CPU.ActiveCfg = Release|Any CPU
		{0862880E-03C5-42CC-98BA-539D3CAE4350}.Release|Any CPU.Build.0 = Release|Any CPU
	EndGlobalSection
	GlobalSection(SolutionProperties) = preSolution
		HideSolutionNode = FALSE
	EndGlobalSection
	GlobalSection(ExtensibilityGlobals) = postSolution
		SolutionGuid = {DEE0BBE9-4EA6-4435-8BAA-8FB09202A7A6}
	EndGlobalSection
EndGlobal
