
Microsoft Visual Studio Solution File, Format Version 12.00
# Visual Studio Version 17
VisualStudioVersion = 17.5.002.0
MinimumVisualStudioVersion = 10.0.40219.1
Project("{2150E333-8FDC-42A3-9474-1A3956D46DE8}") = "LP", "LP", "{5507452B-DA1C-4E67-9A75-25B7620477ED}"
EndProject
Project("{9A19103F-16F7-4668-BE54-9A1E7A4F7556}") = "herencia", "LP\Herencia\herencia.csproj", "{1F91B21A-AA4F-4ABF-A2EA-A251F8A45267}"
EndProject
Global
	GlobalSection(SolutionConfigurationPlatforms) = preSolution
		Debug|Any CPU = Debug|Any CPU
		Release|Any CPU = Release|Any CPU
	EndGlobalSection
	GlobalSection(ProjectConfigurationPlatforms) = postSolution
		{1F91B21A-AA4F-4ABF-A2EA-A251F8A45267}.Debug|Any CPU.ActiveCfg = Debug|Any CPU
		{1F91B21A-AA4F-4ABF-A2EA-A251F8A45267}.Debug|Any CPU.Build.0 = Debug|Any CPU
		{1F91B21A-AA4F-4ABF-A2EA-A251F8A45267}.Release|Any CPU.ActiveCfg = Release|Any CPU
		{1F91B21A-AA4F-4ABF-A2EA-A251F8A45267}.Release|Any CPU.Build.0 = Release|Any CPU
	EndGlobalSection
	GlobalSection(SolutionProperties) = preSolution
		HideSolutionNode = FALSE
	EndGlobalSection
	GlobalSection(NestedProjects) = preSolution
		{1F91B21A-AA4F-4ABF-A2EA-A251F8A45267} = {5507452B-DA1C-4E67-9A75-25B7620477ED}
	EndGlobalSection
	GlobalSection(ExtensibilityGlobals) = postSolution
		SolutionGuid = {68FBE9EA-91E1-4526-9146-4880188DDE08}
	EndGlobalSection
EndGlobal
