
Microsoft Visual Studio Solution File, Format Version 12.00
# Visual Studio Version 17
VisualStudioVersion = 17.3.32929.385
MinimumVisualStudioVersion = 10.0.40219.1
Project("{888888A0-9F3D-457C-B088-3A5042F75D52}") = "02_PythonCirculoPoligono", "02_PythonFiguras\02_PythonCirculoPoligono.pyproj", "{AD5D1DD2-BEA7-47A4-B7A1-0964CD743752}"
EndProject
Project("{888888A0-9F3D-457C-B088-3A5042F75D52}") = "03_PythonFiguras", "03_PythonFiguras\03_PythonFiguras.pyproj", "{52526EF2-A6F6-4521-B8E2-B11914ADD2CE}"
EndProject
Project("{9A19103F-16F7-4668-BE54-9A1E7A4F7556}") = "01_CSharpFiguras", "01_CSharpFiguras\01_CSharpFiguras.csproj", "{891CCBE2-4516-45FB-A745-557E5435D977}"
EndProject
Project("{FAE04EC0-301F-11D3-BF4B-00C04F79EFBC}") = "04_CSharpBinding", "04_CSharpBinding\04_CSharpBinding.csproj", "{458BE3C3-A755-4181-B7CE-D77ED8DEFABB}"
EndProject
Global
	GlobalSection(SolutionConfigurationPlatforms) = preSolution
		Debug|Any CPU = Debug|Any CPU
		Release|Any CPU = Release|Any CPU
	EndGlobalSection
	GlobalSection(ProjectConfigurationPlatforms) = postSolution
		{AD5D1DD2-BEA7-47A4-B7A1-0964CD743752}.Debug|Any CPU.ActiveCfg = Debug|Any CPU
		{AD5D1DD2-BEA7-47A4-B7A1-0964CD743752}.Release|Any CPU.ActiveCfg = Release|Any CPU
		{52526EF2-A6F6-4521-B8E2-B11914ADD2CE}.Debug|Any CPU.ActiveCfg = Debug|Any CPU
		{52526EF2-A6F6-4521-B8E2-B11914ADD2CE}.Release|Any CPU.ActiveCfg = Release|Any CPU
		{891CCBE2-4516-45FB-A745-557E5435D977}.Debug|Any CPU.ActiveCfg = Debug|Any CPU
		{891CCBE2-4516-45FB-A745-557E5435D977}.Debug|Any CPU.Build.0 = Debug|Any CPU
		{891CCBE2-4516-45FB-A745-557E5435D977}.Release|Any CPU.ActiveCfg = Release|Any CPU
		{891CCBE2-4516-45FB-A745-557E5435D977}.Release|Any CPU.Build.0 = Release|Any CPU
		{458BE3C3-A755-4181-B7CE-D77ED8DEFABB}.Debug|Any CPU.ActiveCfg = Debug|Any CPU
		{458BE3C3-A755-4181-B7CE-D77ED8DEFABB}.Debug|Any CPU.Build.0 = Debug|Any CPU
		{458BE3C3-A755-4181-B7CE-D77ED8DEFABB}.Release|Any CPU.ActiveCfg = Release|Any CPU
		{458BE3C3-A755-4181-B7CE-D77ED8DEFABB}.Release|Any CPU.Build.0 = Release|Any CPU
	EndGlobalSection
	GlobalSection(SolutionProperties) = preSolution
		HideSolutionNode = FALSE
	EndGlobalSection
	GlobalSection(ExtensibilityGlobals) = postSolution
		SolutionGuid = {241E7646-A982-43B1-9DF3-5AE16A97E24D}
	EndGlobalSection
EndGlobal
