
Microsoft Visual Studio Solution File, Format Version 12.00
# Visual Studio Version 17
VisualStudioVersion = 17.3.32929.385
MinimumVisualStudioVersion = 10.0.40219.1
Project("{888888A0-9F3D-457C-B088-3A5042F75D52}") = "02_PythonFilms", "02_PythonFilms\02_PythonFilms.pyproj", "{5D7D0602-CD1B-40C7-8663-B81A8D254741}"
EndProject
Project("{FAE04EC0-301F-11D3-BF4B-00C04F79EFBC}") = "01_CSharpFilms", "01_CSharpFilms\01_CSharpFilms.csproj", "{14FCE2E3-B760-4B51-BF50-817DA551F185}"
EndProject
Global
	GlobalSection(SolutionConfigurationPlatforms) = preSolution
		Debug|Any CPU = Debug|Any CPU
		Release|Any CPU = Release|Any CPU
	EndGlobalSection
	GlobalSection(ProjectConfigurationPlatforms) = postSolution
		{5D7D0602-CD1B-40C7-8663-B81A8D254741}.Debug|Any CPU.ActiveCfg = Debug|Any CPU
		{5D7D0602-CD1B-40C7-8663-B81A8D254741}.Release|Any CPU.ActiveCfg = Release|Any CPU
		{14FCE2E3-B760-4B51-BF50-817DA551F185}.Debug|Any CPU.ActiveCfg = Debug|Any CPU
		{14FCE2E3-B760-4B51-BF50-817DA551F185}.Debug|Any CPU.Build.0 = Debug|Any CPU
		{14FCE2E3-B760-4B51-BF50-817DA551F185}.Release|Any CPU.ActiveCfg = Release|Any CPU
		{14FCE2E3-B760-4B51-BF50-817DA551F185}.Release|Any CPU.Build.0 = Release|Any CPU
	EndGlobalSection
	GlobalSection(SolutionProperties) = preSolution
		HideSolutionNode = FALSE
	EndGlobalSection
	GlobalSection(ExtensibilityGlobals) = postSolution
		SolutionGuid = {732ED4AF-A00F-4E2E-AF2B-CDC9FA0DE281}
	EndGlobalSection
EndGlobal
